# generated by rye
# use `rye lock` or `rye sync` to update this lockfile
#
# last locked with the following flags:
#   pre: false
#   features: []
#   all-features: false
#   with-sources: false
#   generate-hashes: false
#   universal: false

-e file:.
capstone==5.0.1
    # via cemu
colorama==0.4.6
    # via loguru
    # via pytest
coverage==7.6.0
    # via pytest-cov
debugpy==1.8.2
exceptiongroup==1.2.2
    # via pytest
iniconfig==2.0.0
    # via pytest
keystone-engine==0.9.2
    # via cemu
lief==0.15.1
    # via cemu
loguru==0.7.2
    # via cemu
packaging==24.1
    # via pytest
pluggy==1.5.0
    # via pytest
prompt-toolkit==3.0.47
    # via cemu
pygments==2.18.0
    # via cemu
pyqt6==6.7.1
    # via cemu
pyqt6-qt6==6.7.2
    # via pyqt6
pyqt6-sip==13.8.0
    # via pyqt6
pytest==8.3.2
    # via pytest-cov
pytest-cov==5.0.0
setuptools==72.1.0
    # via cemu
tomli==2.0.1
    # via coverage
    # via pytest
unicorn==2.0.1.post1
    # via cemu
wcwidth==0.2.13
    # via prompt-toolkit
win32-setctime==1.1.0
    # via loguru
